// !$*UTF8*$!
{
	archiveVersion = 1;
	classes = {
	};
	objectVersion = 46;
	objects = {

/* Begin PBXBuildFile section */
		4542F4431CA69BDE007C4D3F /* AppDelegate.swift in Sources */ = {isa = PBXBuildFile; fileRef = 4542F4421CA69BDE007C4D3F /* AppDelegate.swift */; };
		4542F4481CA69BDE007C4D3F /* Main.storyboard in Resources */ = {isa = PBXBuildFile; fileRef = 4542F4461CA69BDE007C4D3F /* Main.storyboard */; };
		4542F44A1CA69BDE007C4D3F /* Assets.xcassets in Resources */ = {isa = PBXBuildFile; fileRef = 4542F4491CA69BDE007C4D3F /* Assets.xcassets */; };
		4542F44D1CA69BDE007C4D3F /* LaunchScreen.storyboard in Resources */ = {isa = PBXBuildFile; fileRef = 4542F44B1CA69BDE007C4D3F /* LaunchScreen.storyboard */; };
		4542F4581CA69BDE007C4D3F /* TransitionDemoSwiftTests.swift in Sources */ = {isa = PBXBuildFile; fileRef = 4542F4571CA69BDE007C4D3F /* TransitionDemoSwiftTests.swift */; };
		4542F4631CA69BDE007C4D3F /* TransitionDemoSwiftUITests.swift in Sources */ = {isa = PBXBuildFile; fileRef = 4542F4621CA69BDE007C4D3F /* TransitionDemoSwiftUITests.swift */; };
		4542F4721CA69C8A007C4D3F /* TransitionDelegate.swift in Sources */ = {isa = PBXBuildFile; fileRef = 4542F4711CA69C8A007C4D3F /* TransitionDelegate.swift */; };
		4542F4741CA69C9A007C4D3F /* TransitionPresentationAnimator.swift in Sources */ = {isa = PBXBuildFile; fileRef = 4542F4731CA69C9A007C4D3F /* TransitionPresentationAnimator.swift */; };
		4542F4761CA69CA6007C4D3F /* TransitionDismissAnimator.swift in Sources */ = {isa = PBXBuildFile; fileRef = 4542F4751CA69CA6007C4D3F /* TransitionDismissAnimator.swift */; };
		4542F4781CA69CB2007C4D3F /* DetailViewController.swift in Sources */ = {isa = PBXBuildFile; fileRef = 4542F4771CA69CB2007C4D3F /* DetailViewController.swift */; };
		4542F47C1CA6A8C4007C4D3F /* CollectionViewController.swift in Sources */ = {isa = PBXBuildFile; fileRef = 4542F47B1CA6A8C4007C4D3F /* CollectionViewController.swift */; };
		4542F47E1CA6AA19007C4D3F /* CollectionViewCell.swift in Sources */ = {isa = PBXBuildFile; fileRef = 4542F47D1CA6AA19007C4D3F /* CollectionViewCell.swift */; };
/* End PBXBuildFile section */

/* Begin PBXContainerItemProxy section */
		4542F4541CA69BDE007C4D3F /* PBXContainerItemProxy */ = {
			isa = PBXContainerItemProxy;
			containerPortal = 4542F4371CA69BDE007C4D3F /* Project object */;
			proxyType = 1;
			remoteGlobalIDString = 4542F43E1CA69BDE007C4D3F;
			remoteInfo = TransitionDemoSwift;
		};
		4542F45F1CA69BDE007C4D3F /* PBXContainerItemProxy */ = {
			isa = PBXContainerItemProxy;
			containerPortal = 4542F4371CA69BDE007C4D3F /* Project object */;
			proxyType = 1;
			remoteGlobalIDString = 4542F43E1CA69BDE007C4D3F;
			remoteInfo = TransitionDemoSwift;
		};
/* End PBXContainerItemProxy section */

/* Begin PBXFileReference section */
		4542F43F1CA69BDE007C4D3F /* TransitionDemoSwift.app */ = {isa = PBXFileReference; explicitFileType = wrapper.application; includeInIndex = 0; path = TransitionDemoSwift.app; sourceTree = BUILT_PRODUCTS_DIR; };
		4542F4421CA69BDE007C4D3F /* AppDelegate.swift */ = {isa = PBXFileReference; lastKnownFileType = sourcecode.swift; path = AppDelegate.swift; sourceTree = "<group>"; };
		4542F4471CA69BDE007C4D3F /* Base */ = {isa = PBXFileReference; lastKnownFileType = file.storyboard; name = Base; path = Base.lproj/Main.storyboard; sourceTree = "<group>"; };
		4542F4491CA69BDE007C4D3F /* Assets.xcassets */ = {isa = PBXFileReference; lastKnownFileType = folder.assetcatalog; path = Assets.xcassets; sourceTree = "<group>"; };
		4542F44C1CA69BDE007C4D3F /* Base */ = {isa = PBXFileReference; lastKnownFileType = file.storyboard; name = Base; path = Base.lproj/LaunchScreen.storyboard; sourceTree = "<group>"; };
		4542F44E1CA69BDE007C4D3F /* Info.plist */ = {isa = PBXFileReference; lastKnownFileType = text.plist.xml; path = Info.plist; sourceTree = "<group>"; };
		4542F4531CA69BDE007C4D3F /* TransitionDemoSwiftTests.xctest */ = {isa = PBXFileReference; explicitFileType = wrapper.cfbundle; includeInIndex = 0; path = TransitionDemoSwiftTests.xctest; sourceTree = BUILT_PRODUCTS_DIR; };
		4542F4571CA69BDE007C4D3F /* TransitionDemoSwiftTests.swift */ = {isa = PBXFileReference; lastKnownFileType = sourcecode.swift; path = TransitionDemoSwiftTests.swift; sourceTree = "<group>"; };
		4542F4591CA69BDE007C4D3F /* Info.plist */ = {isa = PBXFileReference; lastKnownFileType = text.plist.xml; path = Info.plist; sourceTree = "<group>"; };
		4542F45E1CA69BDE007C4D3F /* TransitionDemoSwiftUITests.xctest */ = {isa = PBXFileReference; explicitFileType = wrapper.cfbundle; includeInIndex = 0; path = TransitionDemoSwiftUITests.xctest; sourceTree = BUILT_PRODUCTS_DIR; };
		4542F4621CA69BDE007C4D3F /* TransitionDemoSwiftUITests.swift */ = {isa = PBXFileReference; lastKnownFileType = sourcecode.swift; path = TransitionDemoSwiftUITests.swift; sourceTree = "<group>"; };
		4542F4641CA69BDE007C4D3F /* Info.plist */ = {isa = PBXFileReference; lastKnownFileType = text.plist.xml; path = Info.plist; sourceTree = "<group>"; };
		4542F4711CA69C8A007C4D3F /* TransitionDelegate.swift */ = {isa = PBXFileReference; fileEncoding = 4; lastKnownFileType = sourcecode.swift; path = TransitionDelegate.swift; sourceTree = "<group>"; };
		4542F4731CA69C9A007C4D3F /* TransitionPresentationAnimator.swift */ = {isa = PBXFileReference; fileEncoding = 4; lastKnownFileType = sourcecode.swift; path = TransitionPresentationAnimator.swift; sourceTree = "<group>"; };
		4542F4751CA69CA6007C4D3F /* TransitionDismissAnimator.swift */ = {isa = PBXFileReference; fileEncoding = 4; lastKnownFileType = sourcecode.swift; path = TransitionDismissAnimator.swift; sourceTree = "<group>"; };
		4542F4771CA69CB2007C4D3F /* DetailViewController.swift */ = {isa = PBXFileReference; fileEncoding = 4; lastKnownFileType = sourcecode.swift; path = DetailViewController.swift; sourceTree = "<group>"; };
		4542F47B1CA6A8C4007C4D3F /* CollectionViewController.swift */ = {isa = PBXFileReference; fileEncoding = 4; lastKnownFileType = sourcecode.swift; path = CollectionViewController.swift; sourceTree = "<group>"; };
		4542F47D1CA6AA19007C4D3F /* CollectionViewCell.swift */ = {isa = PBXFileReference; fileEncoding = 4; lastKnownFileType = sourcecode.swift; path = CollectionViewCell.swift; sourceTree = "<group>"; };
/* End PBXFileReference section */

/* Begin PBXFrameworksBuildPhase section */
		4542F43C1CA69BDE007C4D3F /* Frameworks */ = {
			isa = PBXFrameworksBuildPhase;
			buildActionMask = 2147483647;
			files = (
			);
			runOnlyForDeploymentPostprocessing = 0;
		};
		4542F4501CA69BDE007C4D3F /* Frameworks */ = {
			isa = PBXFrameworksBuildPhase;
			buildActionMask = 2147483647;
			files = (
			);
			runOnlyForDeploymentPostprocessing = 0;
		};
		4542F45B1CA69BDE007C4D3F /* Frameworks */ = {
			isa = PBXFrameworksBuildPhase;
			buildActionMask = 2147483647;
			files = (
			);
			runOnlyForDeploymentPostprocessing = 0;
		};
/* End PBXFrameworksBuildPhase section */

/* Begin PBXGroup section */
		4542F4361CA69BDE007C4D3F = {
			isa = PBXGroup;
			children = (
				4542F4411CA69BDE007C4D3F /* TransitionDemoSwift */,
				4542F4561CA69BDE007C4D3F /* TransitionDemoSwiftTests */,
				4542F4611CA69BDE007C4D3F /* TransitionDemoSwiftUITests */,
				4542F4401CA69BDE007C4D3F /* Products */,
			);
			sourceTree = "<group>";
		};
		4542F4401CA69BDE007C4D3F /* Products */ = {
			isa = PBXGroup;
			children = (
				4542F43F1CA69BDE007C4D3F /* TransitionDemoSwift.app */,
				4542F4531CA69BDE007C4D3F /* TransitionDemoSwiftTests.xctest */,
				4542F45E1CA69BDE007C4D3F /* TransitionDemoSwiftUITests.xctest */,
			);
			name = Products;
			sourceTree = "<group>";
		};
		4542F4411CA69BDE007C4D3F /* TransitionDemoSwift */ = {
			isa = PBXGroup;
			children = (
				4542F4701CA69C71007C4D3F /* Transition */,
				4542F4421CA69BDE007C4D3F /* AppDelegate.swift */,
				4542F4461CA69BDE007C4D3F /* Main.storyboard */,
				4542F4491CA69BDE007C4D3F /* Assets.xcassets */,
				4542F44B1CA69BDE007C4D3F /* LaunchScreen.storyboard */,
				4542F44E1CA69BDE007C4D3F /* Info.plist */,
				4542F47B1CA6A8C4007C4D3F /* CollectionViewController.swift */,
				4542F47D1CA6AA19007C4D3F /* CollectionViewCell.swift */,
				4542F4771CA69CB2007C4D3F /* DetailViewController.swift */,
			);
			path = TransitionDemoSwift;
			sourceTree = "<group>";
		};
		4542F4561CA69BDE007C4D3F /* TransitionDemoSwiftTests */ = {
			isa = PBXGroup;
			children = (
				4542F4571CA69BDE007C4D3F /* TransitionDemoSwiftTests.swift */,
				4542F4591CA69BDE007C4D3F /* Info.plist */,
			);
			path = TransitionDemoSwiftTests;
			sourceTree = "<group>";
		};
		4542F4611CA69BDE007C4D3F /* TransitionDemoSwiftUITests */ = {
			isa = PBXGroup;
			children = (
				4542F4621CA69BDE007C4D3F /* TransitionDemoSwiftUITests.swift */,
				4542F4641CA69BDE007C4D3F /* Info.plist */,
			);
			path = TransitionDemoSwiftUITests;
			sourceTree = "<group>";
		};
		4542F4701CA69C71007C4D3F /* Transition */ = {
			isa = PBXGroup;
			children = (
				4542F4711CA69C8A007C4D3F /* TransitionDelegate.swift */,
				4542F4731CA69C9A007C4D3F /* TransitionPresentationAnimator.swift */,
				4542F4751CA69CA6007C4D3F /* TransitionDismissAnimator.swift */,
			);
			name = Transition;
			sourceTree = "<group>";
		};
/* End PBXGroup section */

/* Begin PBXNativeTarget section */
		4542F43E1CA69BDE007C4D3F /* TransitionDemoSwift */ = {
			isa = PBXNativeTarget;
			buildConfigurationList = 4542F4671CA69BDE007C4D3F /* Build configuration list for PBXNativeTarget "TransitionDemoSwift" */;
			buildPhases = (
				4542F43B1CA69BDE007C4D3F /* Sources */,
				4542F43C1CA69BDE007C4D3F /* Frameworks */,
				4542F43D1CA69BDE007C4D3F /* Resources */,
			);
			buildRules = (
			);
			dependencies = (
			);
			name = TransitionDemoSwift;
			productName = TransitionDemoSwift;
			productReference = 4542F43F1CA69BDE007C4D3F /* TransitionDemoSwift.app */;
			productType = "com.apple.product-type.application";
		};
		4542F4521CA69BDE007C4D3F /* TransitionDemoSwiftTests */ = {
			isa = PBXNativeTarget;
			buildConfigurationList = 4542F46A1CA69BDE007C4D3F /* Build configuration list for PBXNativeTarget "TransitionDemoSwiftTests" */;
			buildPhases = (
				4542F44F1CA69BDE007C4D3F /* Sources */,
				4542F4501CA69BDE007C4D3F /* Frameworks */,
				4542F4511CA69BDE007C4D3F /* Resources */,
			);
			buildRules = (
			);
			dependencies = (
				4542F4551CA69BDE007C4D3F /* PBXTargetDependency */,
			);
			name = TransitionDemoSwiftTests;
			productName = TransitionDemoSwiftTests;
			productReference = 4542F4531CA69BDE007C4D3F /* TransitionDemoSwiftTests.xctest */;
			productType = "com.apple.product-type.bundle.unit-test";
		};
		4542F45D1CA69BDE007C4D3F /* TransitionDemoSwiftUITests */ = {
			isa = PBXNativeTarget;
			buildConfigurationList = 4542F46D1CA69BDE007C4D3F /* Build configuration list for PBXNativeTarget "TransitionDemoSwiftUITests" */;
			buildPhases = (
				4542F45A1CA69BDE007C4D3F /* Sources */,
				4542F45B1CA69BDE007C4D3F /* Frameworks */,
				4542F45C1CA69BDE007C4D3F /* Resources */,
			);
			buildRules = (
			);
			dependencies = (
				4542F4601CA69BDE007C4D3F /* PBXTargetDependency */,
			);
			name = TransitionDemoSwiftUITests;
			productName = TransitionDemoSwiftUITests;
			productReference = 4542F45E1CA69BDE007C4D3F /* TransitionDemoSwiftUITests.xctest */;
			productType = "com.apple.product-type.bundle.ui-testing";
		};
/* End PBXNativeTarget section */

/* Begin PBXProject section */
		4542F4371CA69BDE007C4D3F /* Project object */ = {
			isa = PBXProject;
			attributes = {
				LastSwiftUpdateCheck = 0730;
				LastUpgradeCheck = 0730;
				ORGANIZATIONNAME = Predle;
				TargetAttributes = {
					4542F43E1CA69BDE007C4D3F = {
						CreatedOnToolsVersion = 7.3;
					};
					4542F4521CA69BDE007C4D3F = {
						CreatedOnToolsVersion = 7.3;
						TestTargetID = 4542F43E1CA69BDE007C4D3F;
					};
					4542F45D1CA69BDE007C4D3F = {
						CreatedOnToolsVersion = 7.3;
						TestTargetID = 4542F43E1CA69BDE007C4D3F;
					};
				};
			};
			buildConfigurationList = 4542F43A1CA69BDE007C4D3F /* Build configuration list for PBXProject "TransitionDemoSwift" */;
			compatibilityVersion = "Xcode 3.2";
			developmentRegion = English;
			hasScannedForEncodings = 0;
			knownRegions = (
				en,
				Base,
			);
			mainGroup = 4542F4361CA69BDE007C4D3F;
			productRefGroup = 4542F4401CA69BDE007C4D3F /* Products */;
			projectDirPath = "";
			projectRoot = "";
			targets = (
				4542F43E1CA69BDE007C4D3F /* TransitionDemoSwift */,
				4542F4521CA69BDE007C4D3F /* TransitionDemoSwiftTests */,
				4542F45D1CA69BDE007C4D3F /* TransitionDemoSwiftUITests */,
			);
		};
/* End PBXProject section */

/* Begin PBXResourcesBuildPhase section */
		4542F43D1CA69BDE007C4D3F /* Resources */ = {
			isa = PBXResourcesBuildPhase;
			buildActionMask = 2147483647;
			files = (
				4542F44D1CA69BDE007C4D3F /* LaunchScreen.storyboard in Resources */,
				4542F44A1CA69BDE007C4D3F /* Assets.xcassets in Resources */,
				4542F4481CA69BDE007C4D3F /* Main.storyboard in Resources */,
			);
			runOnlyForDeploymentPostprocessing = 0;
		};
		4542F4511CA69BDE007C4D3F /* Resources */ = {
			isa = PBXResourcesBuildPhase;
			buildActionMask = 2147483647;
			files = (
			);
			runOnlyForDeploymentPostprocessing = 0;
		};
		4542F45C1CA69BDE007C4D3F /* Resources */ = {
			isa = PBXResourcesBuildPhase;
			buildActionMask = 2147483647;
			files = (
			);
			runOnlyForDeploymentPostprocessing = 0;
		};
/* End PBXResourcesBuildPhase section */

/* Begin PBXSourcesBuildPhase section */
		4542F43B1CA69BDE007C4D3F /* Sources */ = {
			isa = PBXSourcesBuildPhase;
			buildActionMask = 2147483647;
			files = (
				4542F4721CA69C8A007C4D3F /* TransitionDelegate.swift in Sources */,
				4542F4741CA69C9A007C4D3F /* TransitionPresentationAnimator.swift in Sources */,
				4542F4781CA69CB2007C4D3F /* DetailViewController.swift in Sources */,
				4542F47E1CA6AA19007C4D3F /* CollectionViewCell.swift in Sources */,
				4542F47C1CA6A8C4007C4D3F /* CollectionViewController.swift in Sources */,
				4542F4431CA69BDE007C4D3F /* AppDelegate.swift in Sources */,
				4542F4761CA69CA6007C4D3F /* TransitionDismissAnimator.swift in Sources */,
			);
			runOnlyForDeploymentPostprocessing = 0;
		};
		4542F44F1CA69BDE007C4D3F /* Sources */ = {
			isa = PBXSourcesBuildPhase;
			buildActionMask = 2147483647;
			files = (
				4542F4581CA69BDE007C4D3F /* TransitionDemoSwiftTests.swift in Sources */,
			);
			runOnlyForDeploymentPostprocessing = 0;
		};
		4542F45A1CA69BDE007C4D3F /* Sources */ = {
			isa = PBXSourcesBuildPhase;
			buildActionMask = 2147483647;
			files = (
				4542F4631CA69BDE007C4D3F /* TransitionDemoSwiftUITests.swift in Sources */,
			);
			runOnlyForDeploymentPostprocessing = 0;
		};
/* End PBXSourcesBuildPhase section */

/* Begin PBXTargetDependency section */
		4542F4551CA69BDE007C4D3F /* PBXTargetDependency */ = {
			isa = PBXTargetDependency;
			target = 4542F43E1CA69BDE007C4D3F /* TransitionDemoSwift */;
			targetProxy = 4542F4541CA69BDE007C4D3F /* PBXContainerItemProxy */;
		};
		4542F4601CA69BDE007C4D3F /* PBXTargetDependency */ = {
			isa = PBXTargetDependency;
			target = 4542F43E1CA69BDE007C4D3F /* TransitionDemoSwift */;
			targetProxy = 4542F45F1CA69BDE007C4D3F /* PBXContainerItemProxy */;
		};
/* End PBXTargetDependency section */

/* Begin PBXVariantGroup section */
		4542F4461CA69BDE007C4D3F /* Main.storyboard */ = {
			isa = PBXVariantGroup;
			children = (
				4542F4471CA69BDE007C4D3F /* Base */,
			);
			name = Main.storyboard;
			sourceTree = "<group>";
		};
		4542F44B1CA69BDE007C4D3F /* LaunchScreen.storyboard */ = {
			isa = PBXVariantGroup;
			children = (
				4542F44C1CA69BDE007C4D3F /* Base */,
			);
			name = LaunchScreen.storyboard;
			sourceTree = "<group>";
		};
/* End PBXVariantGroup section */

/* Begin XCBuildConfiguration section */
		4542F4651CA69BDE007C4D3F /* Debug */ = {
			isa = XCBuildConfiguration;
			buildSettings = {
				ALWAYS_SEARCH_USER_PATHS = NO;
				CLANG_ANALYZER_NONNULL = YES;
				CLANG_CXX_LANGUAGE_STANDARD = "gnu++0x";
				CLANG_CXX_LIBRARY = "libc++";
				CLANG_ENABLE_MODULES = YES;
				CLANG_ENABLE_OBJC_ARC = YES;
				CLANG_WARN_BOOL_CONVERSION = YES;
				CLANG_WARN_CONSTANT_CONVERSION = YES;
				CLANG_WARN_DIRECT_OBJC_ISA_USAGE = YES_ERROR;
				CLANG_WARN_EMPTY_BODY = YES;
				CLANG_WARN_ENUM_CONVERSION = YES;
				CLANG_WARN_INT_CONVERSION = YES;
				CLANG_WARN_OBJC_ROOT_CLASS = YES_ERROR;
				CLANG_WARN_UNREACHABLE_CODE = YES;
				CLANG_WARN__DUPLICATE_METHOD_MATCH = YES;
				"CODE_SIGN_IDENTITY[sdk=iphoneos*]" = "iPhone Developer";
				COPY_PHASE_STRIP = NO;
				DEBUG_INFORMATION_FORMAT = dwarf;
				ENABLE_STRICT_OBJC_MSGSEND = YES;
				ENABLE_TESTABILITY = YES;
				GCC_C_LANGUAGE_STANDARD = gnu99;
				GCC_DYNAMIC_NO_PIC = NO;
				GCC_NO_COMMON_BLOCKS = YES;
				GCC_OPTIMIZATION_LEVEL = 0;
				GCC_PREPROCESSOR_DEFINITIONS = (
					"DEBUG=1",
					"$(inherited)",
				);
				GCC_WARN_64_TO_32_BIT_CONVERSION = YES;
				GCC_WARN_ABOUT_RETURN_TYPE = YES_ERROR;
				GCC_WARN_UNDECLARED_SELECTOR = YES;
				GCC_WARN_UNINITIALIZED_AUTOS = YES_AGGRESSIVE;
				GCC_WARN_UNUSED_FUNCTION = YES;
				GCC_WARN_UNUSED_VARIABLE = YES;
				IPHONEOS_DEPLOYMENT_TARGET = 9.3;
				MTL_ENABLE_DEBUG_INFO = YES;
				ONLY_ACTIVE_ARCH = YES;
				SDKROOT = iphoneos;
				SWIFT_OPTIMIZATION_LEVEL = "-Onone";
				TARGETED_DEVICE_FAMILY = "1,2";
			};
			name = Debug;
		};
		4542F4661CA69BDE007C4D3F /* Release */ = {
			isa = XCBuildConfiguration;
			buildSettings = {
				ALWAYS_SEARCH_USER_PATHS = NO;
				CLANG_ANALYZER_NONNULL = YES;
				CLANG_CXX_LANGUAGE_STANDARD = "gnu++0x";
				CLANG_CXX_LIBRARY = "libc++";
				CLANG_ENABLE_MODULES = YES;
				CLANG_ENABLE_OBJC_ARC = YES;
				CLANG_WARN_BOOL_CONVERSION = YES;
				CLANG_WARN_CONSTANT_CONVERSION = YES;
				CLANG_WARN_DIRECT_OBJC_ISA_USAGE = YES_ERROR;
				CLANG_WARN_EMPTY_BODY = YES;
				CLANG_WARN_ENUM_CONVERSION = YES;
				CLANG_WARN_INT_CONVERSION = YES;
				CLANG_WARN_OBJC_ROOT_CLASS = YES_ERROR;
				CLANG_WARN_UNREACHABLE_CODE = YES;
				CLANG_WARN__DUPLICATE_METHOD_MATCH = YES;
				"CODE_SIGN_IDENTITY[sdk=iphoneos*]" = "iPhone Developer";
				COPY_PHASE_STRIP = NO;
				DEBUG_INFORMATION_FORMAT = "dwarf-with-dsym";
				ENABLE_NS_ASSERTIONS = NO;
				ENABLE_STRICT_OBJC_MSGSEND = YES;
				GCC_C_LANGUAGE_STANDARD = gnu99;
				GCC_NO_COMMON_BLOCKS = YES;
				GCC_WARN_64_TO_32_BIT_CONVERSION = YES;
				GCC_WARN_ABOUT_RETURN_TYPE = YES_ERROR;
				GCC_WARN_UNDECLARED_SELECTOR = YES;
				GCC_WARN_UNINITIALIZED_AUTOS = YES_AGGRESSIVE;
				GCC_WARN_UNUSED_FUNCTION = YES;
				GCC_WARN_UNUSED_VARIABLE = YES;
				IPHONEOS_DEPLOYMENT_TARGET = 9.3;
				MTL_ENABLE_DEBUG_INFO = NO;
				SDKROOT = iphoneos;
				TARGETED_DEVICE_FAMILY = "1,2";
				VALIDATE_PRODUCT = YES;
			};
			name = Release;
		};
		4542F4681CA69BDE007C4D3F /* Debug */ = {
			isa = XCBuildConfiguration;
			buildSettings = {
				ASSETCATALOG_COMPILER_APPICON_NAME = AppIcon;
				INFOPLIST_FILE = TransitionDemoSwift/Info.plist;
				LD_RUNPATH_SEARCH_PATHS = "$(inherited) @executable_path/Frameworks";
				PRODUCT_BUNDLE_IDENTIFIER = com.predle.TransitionDemoSwift;
				PRODUCT_NAME = "$(TARGET_NAME)";
			};
			name = Debug;
		};
		4542F4691CA69BDE007C4D3F /* Release */ = {
			isa = XCBuildConfiguration;
			buildSettings = {
				ASSETCATALOG_COMPILER_APPICON_NAME = AppIcon;
				INFOPLIST_FILE = TransitionDemoSwift/Info.plist;
				LD_RUNPATH_SEARCH_PATHS = "$(inherited) @executable_path/Frameworks";
				PRODUCT_BUNDLE_IDENTIFIER = com.predle.TransitionDemoSwift;
				PRODUCT_NAME = "$(TARGET_NAME)";
			};
			name = Release;
		};
		4542F46B1CA69BDE007C4D3F /* Debug */ = {
			isa = XCBuildConfiguration;
			buildSettings = {
				BUNDLE_LOADER = "$(TEST_HOST)";
				INFOPLIST_FILE = TransitionDemoSwiftTests/Info.plist;
				LD_RUNPATH_SEARCH_PATHS = "$(inherited) @executable_path/Frameworks @loader_path/Frameworks";
				PRODUCT_BUNDLE_IDENTIFIER = com.predle.TransitionDemoSwiftTests;
				PRODUCT_NAME = "$(TARGET_NAME)";
				TEST_HOST = "$(BUILT_PRODUCTS_DIR)/TransitionDemoSwift.app/TransitionDemoSwift";
			};
			name = Debug;
		};
		4542F46C1CA69BDE007C4D3F /* Release */ = {
			isa = XCBuildConfiguration;
			buildSettings = {
				BUNDLE_LOADER = "$(TEST_HOST)";
				INFOPLIST_FILE = TransitionDemoSwiftTests/Info.plist;
				LD_RUNPATH_SEARCH_PATHS = "$(inherited) @executable_path/Frameworks @loader_path/Frameworks";
				PRODUCT_BUNDLE_IDENTIFIER = com.predle.TransitionDemoSwiftTests;
				PRODUCT_NAME = "$(TARGET_NAME)";
				TEST_HOST = "$(BUILT_PRODUCTS_DIR)/TransitionDemoSwift.app/TransitionDemoSwift";
			};
			name = Release;
		};
		4542F46E1CA69BDE007C4D3F /* Debug */ = {
			isa = XCBuildConfiguration;
			buildSettings = {
				INFOPLIST_FILE = TransitionDemoSwiftUITests/Info.plist;
				LD_RUNPATH_SEARCH_PATHS = "$(inherited) @executable_path/Frameworks @loader_path/Frameworks";
				PRODUCT_BUNDLE_IDENTIFIER = com.predle.TransitionDemoSwiftUITests;
				PRODUCT_NAME = "$(TARGET_NAME)";
				TEST_TARGET_NAME = TransitionDemoSwift;
			};
			name = Debug;
		};
		4542F46F1CA69BDE007C4D3F /* Release */ = {
			isa = XCBuildConfiguration;
			buildSettings = {
				INFOPLIST_FILE = TransitionDemoSwiftUITests/Info.plist;
				LD_RUNPATH_SEARCH_PATHS = "$(inherited) @executable_path/Frameworks @loader_path/Frameworks";
				PRODUCT_BUNDLE_IDENTIFIER = com.predle.TransitionDemoSwiftUITests;
				PRODUCT_NAME = "$(TARGET_NAME)";
				TEST_TARGET_NAME = TransitionDemoSwift;
			};
			name = Release;
		};
/* End XCBuildConfiguration section */

/* Begin XCConfigurationList section */
		4542F43A1CA69BDE007C4D3F /* Build configuration list for PBXProject "TransitionDemoSwift" */ = {
			isa = XCConfigurationList;
			buildConfigurations = (
				4542F4651CA69BDE007C4D3F /* Debug */,
				4542F4661CA69BDE007C4D3F /* Release */,
			);
			defaultConfigurationIsVisible = 0;
			defaultConfigurationName = Release;
		};
		4542F4671CA69BDE007C4D3F /* Build configuration list for PBXNativeTarget "TransitionDemoSwift" */ = {
			isa = XCConfigurationList;
			buildConfigurations = (
				4542F4681CA69BDE007C4D3F /* Debug */,
				4542F4691CA69BDE007C4D3F /* Release */,
			);
			defaultConfigurationIsVisible = 0;
		};
		4542F46A1CA69BDE007C4D3F /* Build configuration list for PBXNativeTarget "TransitionDemoSwiftTests" */ = {
			isa = XCConfigurationList;
			buildConfigurations = (
				4542F46B1CA69BDE007C4D3F /* Debug */,
				4542F46C1CA69BDE007C4D3F /* Release */,
			);
			defaultConfigurationIsVisible = 0;
		};
		4542F46D1CA69BDE007C4D3F /* Build configuration list for PBXNativeTarget "TransitionDemoSwiftUITests" */ = {
			isa = XCConfigurationList;
			buildConfigurations = (
				4542F46E1CA69BDE007C4D3F /* Debug */,
				4542F46F1CA69BDE007C4D3F /* Release */,
			);
			defaultConfigurationIsVisible = 0;
		};
/* End XCConfigurationList section */
	};
	rootObject = 4542F4371CA69BDE007C4D3F /* Project object */;
}
